
Microsoft Visual Studio Solution File, Format Version 12.00
# Visual Studio Version 17
VisualStudioVersion = 17.11.35327.3
MinimumVisualStudioVersion = 10.0.40219.1
Project("{FAE04EC0-301F-11D3-BF4B-00C04F79EFBC}") = "رمز سزار", "رمز سزار\رمز سزار.csproj", "{722FCE68-B0CF-4851-988B-883D2E2FC4F0}"
EndProject
Global
	GlobalSection(SolutionConfigurationPlatforms) = preSolution
		Debug|Any CPU = Debug|Any CPU
		Release|Any CPU = Release|Any CPU
	EndGlobalSection
	GlobalSection(ProjectConfigurationPlatforms) = postSolution
		{722FCE68-B0CF-4851-988B-883D2E2FC4F0}.Debug|Any CPU.ActiveCfg = Debug|Any CPU
		{722FCE68-B0CF-4851-988B-883D2E2FC4F0}.Debug|Any CPU.Build.0 = Debug|Any CPU
		{722FCE68-B0CF-4851-988B-883D2E2FC4F0}.Release|Any CPU.ActiveCfg = Release|Any CPU
		{722FCE68-B0CF-4851-988B-883D2E2FC4F0}.Release|Any CPU.Build.0 = Release|Any CPU
	EndGlobalSection
	GlobalSection(SolutionProperties) = preSolution
		HideSolutionNode = FALSE
	EndGlobalSection
	GlobalSection(ExtensibilityGlobals) = postSolution
		SolutionGuid = {DDAE8BA0-850B-4E3F-ACBA-61ABACEE4E1F}
	EndGlobalSection
EndGlobal
